
Microsoft Visual Studio Solution File, Format Version 12.00
# Visual Studio 15
VisualStudioVersion = 15.0.28010.2046
MinimumVisualStudioVersion = 10.0.40219.1
Project("{8BC9CEB8-8B4A-11D0-8D11-00A0C91BC942}") = "Core", "Core.vcxproj", "{0D98E9B2-AB6E-4EC5-96A2-3FB5DFAEC93C}"
EndProject
Global
	GlobalSection(SolutionConfigurationPlatforms) = preSolution
		Debug|x64 = Debug|x64
		Debug|x86 = Debug|x86
		Release|x64 = Release|x64
		Release|x86 = Release|x86
	EndGlobalSection
	GlobalSection(ProjectConfigurationPlatforms) = postSolution
		{0D98E9B2-AB6E-4EC5-96A2-3FB5DFAEC93C}.Debug|x64.ActiveCfg = Debug|x64
		{0D98E9B2-AB6E-4EC5-96A2-3FB5DFAEC93C}.Debug|x64.Build.0 = Debug|x64
		{0D98E9B2-AB6E-4EC5-96A2-3FB5DFAEC93C}.Debug|x86.ActiveCfg = Debug|Win32
		{0D98E9B2-AB6E-4EC5-96A2-3FB5DFAEC93C}.Debug|x86.Build.0 = Debug|Win32
		{0D98E9B2-AB6E-4EC5-96A2-3FB5DFAEC93C}.Release|x64.ActiveCfg = Release|x64
		{0D98E9B2-AB6E-4EC5-96A2-3FB5DFAEC93C}.Release|x64.Build.0 = Release|x64
		{0D98E9B2-AB6E-4EC5-96A2-3FB5DFAEC93C}.Release|x86.ActiveCfg = Release|Win32
		{0D98E9B2-AB6E-4EC5-96A2-3FB5DFAEC93C}.Release|x86.Build.0 = Release|Win32
	EndGlobalSection
	GlobalSection(SolutionProperties) = preSolution
		HideSolutionNode = FALSE
	EndGlobalSection
	GlobalSection(ExtensibilityGlobals) = postSolution
		SolutionGuid = {9A0F679B-86FC-4419-ABAB-152B84DCFD1D}
	EndGlobalSection
EndGlobal
