<?xml version="1.0" encoding="utf-8"?>
<Project ToolsVersion="4.0" xmlns="http://schemas.microsoft.com/developer/msbuild/2003">
  <ItemGroup>
    <Filter Include="源文件">
      <UniqueIdentifier>{4FC737F1-C7A5-4376-A066-2A32D752A2FF}</UniqueIdentifier>
      <Extensions>cpp;c;cc;cxx;def;odl;idl;hpj;bat;asm;asmx</Extensions>
    </Filter>
    <Filter Include="头文件">
      <UniqueIdentifier>{93995380-89BD-4b04-88EB-625FBE52EBFB}</UniqueIdentifier>
      <Extensions>h;hh;hpp;hxx;hm;inl;inc;ipp;xsd</Extensions>
    </Filter>
    <Filter Include="资源文件">
      <UniqueIdentifier>{67DA6AB6-F800-4c08-8B7A-83BB121AAD01}</UniqueIdentifier>
      <Extensions>rc;ico;cur;bmp;dlg;rc2;rct;bin;rgs;gif;jpg;jpeg;jpe;resx;tiff;tif;png;wav;mfcribbon-ms</Extensions>
    </Filter>
    <Filter Include="头文件\common">
      <UniqueIdentifier>{57646d97-2a9c-41f2-ab0b-fc20eb1fae92}</UniqueIdentifier>
    </Filter>
    <Filter Include="源文件\common">
      <UniqueIdentifier>{8d6a7f1a-928d-41ca-91ab-d3425ed2b10c}</UniqueIdentifier>
    </Filter>
    <Filter Include="头文件\codec">
      <UniqueIdentifier>{fd7ef23d-807a-41e2-9fd4-afe18969d6a6}</UniqueIdentifier>
    </Filter>
    <Filter Include="源文件\codec">
      <UniqueIdentifier>{314b0f9b-b1ed-4352-8d93-4384021e3f77}</UniqueIdentifier>
    </Filter>
    <Filter Include="源文件\thread">
      <UniqueIdentifier>{93dff55d-b49c-4227-aced-865f7428aa7c}</UniqueIdentifier>
    </Filter>
    <Filter Include="头文件\thread">
      <UniqueIdentifier>{1d7254ec-505f-4f95-ae59-727064860feb}</UniqueIdentifier>
    </Filter>
  </ItemGroup>
  <ItemGroup>
    <ClCompile Include="src\codec\FFVideoEncoder.cpp">
      <Filter>源文件\codec</Filter>
    </ClCompile>
    <ClCompile Include="src\common\MemoryPool.cpp">
      <Filter>源文件\common</Filter>
    </ClCompile>
    <ClCompile Include="src\common\corelog.cpp">
      <Filter>源文件\common</Filter>
    </ClCompile>
    <ClCompile Include="src\thread\ICondition.cpp">
      <Filter>源文件\thread</Filter>
    </ClCompile>
    <ClCompile Include="src\thread\IMutex.cpp">
      <Filter>源文件\thread</Filter>
    </ClCompile>
    <ClCompile Include="src\thread\IThread.cpp">
      <Filter>源文件\thread</Filter>
    </ClCompile>
    <ClCompile Include="src\thread\ThreadWrapper.cpp">
      <Filter>源文件\thread</Filter>
    </ClCompile>
    <ClCompile Include="src\thread\ConditionWin.cpp">
      <Filter>源文件\thread</Filter>
    </ClCompile>
    <ClCompile Include="src\thread\MutexWin.cpp">
      <Filter>源文件\thread</Filter>
    </ClCompile>
    <ClCompile Include="src\thread\ThreadWin.cpp">
      <Filter>源文件\thread</Filter>
    </ClCompile>
  </ItemGroup>
  <ItemGroup>
    <ClInclude Include="include\common\typedefs.h">
      <Filter>头文件\common</Filter>
    </ClInclude>
    <ClInclude Include="include\codec\FFVideoEncoder.h">
      <Filter>头文件\codec</Filter>
    </ClInclude>
    <ClInclude Include="include\codec\IVideoEncoder.h">
      <Filter>头文件\codec</Filter>
    </ClInclude>
    <ClInclude Include="include\common\MemoryPool.h">
      <Filter>头文件\common</Filter>
    </ClInclude>
    <ClInclude Include="include\common\corelog.hpp">
      <Filter>头文件\common</Filter>
    </ClInclude>
    <ClInclude Include="include\thread\ICondition.h">
      <Filter>头文件\thread</Filter>
    </ClInclude>
    <ClInclude Include="include\thread\IMutex.h">
      <Filter>头文件\thread</Filter>
    </ClInclude>
    <ClInclude Include="include\thread\IThread.h">
      <Filter>头文件\thread</Filter>
    </ClInclude>
    <ClInclude Include="include\thread\ThreadWrapper.h">
      <Filter>头文件\thread</Filter>
    </ClInclude>
    <ClInclude Include="include\thread\ConditionWin.h">
      <Filter>头文件\thread</Filter>
    </ClInclude>
    <ClInclude Include="include\thread\MutexWin.h">
      <Filter>头文件\thread</Filter>
    </ClInclude>
    <ClInclude Include="include\thread\ThreadWin.h">
      <Filter>头文件\thread</Filter>
    </ClInclude>
  </ItemGroup>
</Project>